
Microsoft Visual Studio Solution File, Format Version 12.00
# Visual Studio Version 17
VisualStudioVersion = 17.6.33829.357
MinimumVisualStudioVersion = 10.0.40219.1
Project("{FAE04EC0-301F-11D3-BF4B-00C04F79EFBC}") = "StoreProducts.WebAPI", "StoreProducts.WebAPI\StoreProducts.WebAPI.csproj", "{2C0DBD09-D5D8-47AC-840C-C7EC7E729F7C}"
EndProject
Global
	GlobalSection(SolutionConfigurationPlatforms) = preSolution
		Debug|Any CPU = Debug|Any CPU
		Release|Any CPU = Release|Any CPU
	EndGlobalSection
	GlobalSection(ProjectConfigurationPlatforms) = postSolution
		{2C0DBD09-D5D8-47AC-840C-C7EC7E729F7C}.Debug|Any CPU.ActiveCfg = Debug|Any CPU
		{2C0DBD09-D5D8-47AC-840C-C7EC7E729F7C}.Debug|Any CPU.Build.0 = Debug|Any CPU
		{2C0DBD09-D5D8-47AC-840C-C7EC7E729F7C}.Release|Any CPU.ActiveCfg = Release|Any CPU
		{2C0DBD09-D5D8-47AC-840C-C7EC7E729F7C}.Release|Any CPU.Build.0 = Release|Any CPU
	EndGlobalSection
	GlobalSection(SolutionProperties) = preSolution
		HideSolutionNode = FALSE
	EndGlobalSection
	GlobalSection(ExtensibilityGlobals) = postSolution
		SolutionGuid = {9F8934F2-0A23-4386-8865-EC64B1E2B8C0}
	EndGlobalSection
EndGlobal
